
Microsoft Visual Studio Solution File, Format Version 10.00
# Visual Studio 2008
Project("{2150E333-8FDC-42A3-9474-1A3956D46DE8}") = "Samples", "Samples", "{CA794E53-7753-4F9E-8A42-FDF97143B89B}"
	ProjectSection(SolutionItems) = preProject
		Samples\DniSample.config = Samples\DniSample.config
		Samples\ESXDependenciesSample.config = Samples\ESXDependenciesSample.config
		Samples\ESXMultipleSample.config = Samples\ESXMultipleSample.config
		Samples\ESXSample.config = Samples\ESXSample.config
		Samples\Everything.config = Samples\Everything.config
		Samples\FailingTask.config = Samples\FailingTask.config
		Samples\Multiple.config = Samples\Multiple.config
		Samples\NUnit.config = Samples\NUnit.config
		Samples\RebootSample.config = Samples\RebootSample.config
		Samples\Sample.config = Samples\Sample.config
		Samples\SampleCopy.config = Samples\SampleCopy.config
		Samples\SampleTasks.config = Samples\SampleTasks.config
		Samples\SampleVMTasks.config = Samples\SampleVMTasks.config
		Samples\SnapshotsSample.config = Samples\SnapshotsSample.config
		Samples\Template.config = Samples\Template.config
	EndProjectSection
EndProject
Project("{2150E333-8FDC-42A3-9474-1A3956D46DE8}") = "Build", "Build", "{6B276B85-8A0E-4CD0-BF7D-AB1DA8B78D03}"
	ProjectSection(SolutionItems) = preProject
		build.cmd = build.cmd
		CruiseControl.config = CruiseControl.config
		RemoteInstall.proj = RemoteInstall.proj
		Version.proj = Version.proj
	EndProjectSection
EndProject
Project("{2150E333-8FDC-42A3-9474-1A3956D46DE8}") = "Templates", "Templates", "{142EBDCC-B640-4CA6-A727-55A10ECD2874}"
	ProjectSection(SolutionItems) = preProject
		XslTemplates\CruiseControl.xsl = XslTemplates\CruiseControl.xsl
		XslTemplates\Results.xsd = XslTemplates\Results.xsd
		XslTemplates\Results.xsl = XslTemplates\Results.xsl
		XslTemplates\ResultsXsd.xsl = XslTemplates\ResultsXsd.xsl
		XslTemplates\UnitTestDetails.xsl = XslTemplates\UnitTestDetails.xsl
		XslTemplates\UnitTests.xsl = XslTemplates\UnitTests.xsl
	EndProjectSection
EndProject
Project("{2150E333-8FDC-42A3-9474-1A3956D46DE8}") = "Documentation", "Documentation", "{BCB5C96D-C5E6-46D3-9D0B-5207629B3499}"
	ProjectSection(SolutionItems) = preProject
		Documentation\RemoteInstaller.content = Documentation\RemoteInstaller.content
		Documentation\RemoteInstaller.shfbproj = Documentation\RemoteInstaller.shfbproj
	EndProjectSection
EndProject
Project("{2150E333-8FDC-42A3-9474-1A3956D46DE8}") = "Content", "Content", "{1B38422D-B3DE-437D-84DA-D9C84F28638E}"
	ProjectSection(SolutionItems) = preProject
		Documentation\Content\ConfigVariables.aml = Documentation\Content\ConfigVariables.aml
		Documentation\Content\CopyFiles.aml = Documentation\Content\CopyFiles.aml
		Documentation\Content\CruiseControl.aml = Documentation\Content\CruiseControl.aml
		Documentation\Content\DevContribute.aml = Documentation\Content\DevContribute.aml
		Documentation\Content\ExecutingTasks.aml = Documentation\Content\ExecutingTasks.aml
		Documentation\Content\Features.aml = Documentation\Content\Features.aml
		Documentation\Content\GeneratingOutput.aml = Documentation\Content\GeneratingOutput.aml
		Documentation\Content\GettingStarted.aml = Documentation\Content\GettingStarted.aml
		Documentation\Content\Installers.aml = Documentation\Content\Installers.aml
		Documentation\Content\License.aml = Documentation\Content\License.aml
		Documentation\Content\Main.aml = Documentation\Content\Main.aml
		Documentation\Content\ParallelizingExecution.aml = Documentation\Content\ParallelizingExecution.aml
		Documentation\Content\SampleConfig.aml = Documentation\Content\SampleConfig.aml
		Documentation\Content\ThirdPartyLicenses.aml = Documentation\Content\ThirdPartyLicenses.aml
		Documentation\Content\Timeouts.aml = Documentation\Content\Timeouts.aml
		Documentation\Content\UnitTests.aml = Documentation\Content\UnitTests.aml
		Documentation\Content\VirtualMachines.aml = Documentation\Content\VirtualMachines.aml
	EndProjectSection
EndProject
Project("{2150E333-8FDC-42A3-9474-1A3956D46DE8}") = "Samples", "Samples", "{02C0AC68-CAA6-4187-ABE0-9ABFA6993C5A}"
	ProjectSection(SolutionItems) = preProject
		Documentation\Samples\DniSample.aml = Documentation\Samples\DniSample.aml
		Documentation\Samples\NUnitSample.aml = Documentation\Samples\NUnitSample.aml
		Documentation\Samples\ResultsSample.aml = Documentation\Samples\ResultsSample.aml
		Documentation\Samples\Sample.aml = Documentation\Samples\Sample.aml
	EndProjectSection
EndProject
Project("{2150E333-8FDC-42A3-9474-1A3956D46DE8}") = "Images", "Images", "{216AD6FB-854B-49D3-8351-A0C6FD56BC47}"
	ProjectSection(SolutionItems) = preProject
		Documentation\Images\CruiseControl.jpg = Documentation\Images\CruiseControl.jpg
		Documentation\Images\Logo.gif = Documentation\Images\Logo.gif
		Documentation\Images\NUnitSample.jpg = Documentation\Images\NUnitSample.jpg
	EndProjectSection
EndProject
Project("{FAE04EC0-301F-11D3-BF4B-00C04F79EFBC}") = "RemoteInstall", "RemoteInstall\RemoteInstall.csproj", "{54A79D97-B818-44E7-B998-73CFB07C6954}"
	ProjectSection(ProjectDependencies) = postProject
		{DF9B8E13-AD32-4FEA-83CB-5048234FC2F3} = {DF9B8E13-AD32-4FEA-83CB-5048234FC2F3}
	EndProjectSection
EndProject
Project("{FAE04EC0-301F-11D3-BF4B-00C04F79EFBC}") = "RemoteInstaller", "RemoteInstaller\RemoteInstaller.csproj", "{59A6144E-A480-4D40-895B-D94B17B68409}"
	ProjectSection(ProjectDependencies) = postProject
		{DF9B8E13-AD32-4FEA-83CB-5048234FC2F3} = {DF9B8E13-AD32-4FEA-83CB-5048234FC2F3}
	EndProjectSection
EndProject
Project("{FAE04EC0-301F-11D3-BF4B-00C04F79EFBC}") = "Version", "Version\Version.csproj", "{DF9B8E13-AD32-4FEA-83CB-5048234FC2F3}"
EndProject
Project("{FAE04EC0-301F-11D3-BF4B-00C04F79EFBC}") = "NUnitDemo", "Samples\NUnitDemo\NUnitDemo.csproj", "{C11BB5E5-BEA3-46A6-B05E-3E2895C47AC3}"
EndProject
Project("{FAE04EC0-301F-11D3-BF4B-00C04F79EFBC}") = "RemoteInstallUnitTests", "RemoteInstallUnitTests\RemoteInstallUnitTests.csproj", "{0BD49533-E444-40F9-8137-00BD52089AD5}"
EndProject
Project("{FAE04EC0-301F-11D3-BF4B-00C04F79EFBC}") = "Setup", "Samples\Setup\Setup.csproj", "{4E4C3EE1-8CDF-43BA-99F4-2563A9519923}"
EndProject
Global
	GlobalSection(SolutionConfigurationPlatforms) = preSolution
		Debug|Any CPU = Debug|Any CPU
		Release|Any CPU = Release|Any CPU
	EndGlobalSection
	GlobalSection(ProjectConfigurationPlatforms) = postSolution
		{54A79D97-B818-44E7-B998-73CFB07C6954}.Debug|Any CPU.ActiveCfg = Debug|Any CPU
		{54A79D97-B818-44E7-B998-73CFB07C6954}.Debug|Any CPU.Build.0 = Debug|Any CPU
		{54A79D97-B818-44E7-B998-73CFB07C6954}.Release|Any CPU.ActiveCfg = Release|Any CPU
		{54A79D97-B818-44E7-B998-73CFB07C6954}.Release|Any CPU.Build.0 = Release|Any CPU
		{59A6144E-A480-4D40-895B-D94B17B68409}.Debug|Any CPU.ActiveCfg = Debug|Any CPU
		{59A6144E-A480-4D40-895B-D94B17B68409}.Debug|Any CPU.Build.0 = Debug|Any CPU
		{59A6144E-A480-4D40-895B-D94B17B68409}.Release|Any CPU.ActiveCfg = Release|Any CPU
		{59A6144E-A480-4D40-895B-D94B17B68409}.Release|Any CPU.Build.0 = Release|Any CPU
		{DF9B8E13-AD32-4FEA-83CB-5048234FC2F3}.Debug|Any CPU.ActiveCfg = Debug|Any CPU
		{DF9B8E13-AD32-4FEA-83CB-5048234FC2F3}.Debug|Any CPU.Build.0 = Debug|Any CPU
		{DF9B8E13-AD32-4FEA-83CB-5048234FC2F3}.Release|Any CPU.ActiveCfg = Release|Any CPU
		{DF9B8E13-AD32-4FEA-83CB-5048234FC2F3}.Release|Any CPU.Build.0 = Release|Any CPU
		{C11BB5E5-BEA3-46A6-B05E-3E2895C47AC3}.Debug|Any CPU.ActiveCfg = Debug|Any CPU
		{C11BB5E5-BEA3-46A6-B05E-3E2895C47AC3}.Debug|Any CPU.Build.0 = Debug|Any CPU
		{C11BB5E5-BEA3-46A6-B05E-3E2895C47AC3}.Release|Any CPU.ActiveCfg = Release|Any CPU
		{C11BB5E5-BEA3-46A6-B05E-3E2895C47AC3}.Release|Any CPU.Build.0 = Release|Any CPU
		{0BD49533-E444-40F9-8137-00BD52089AD5}.Debug|Any CPU.ActiveCfg = Debug|Any CPU
		{0BD49533-E444-40F9-8137-00BD52089AD5}.Debug|Any CPU.Build.0 = Debug|Any CPU
		{0BD49533-E444-40F9-8137-00BD52089AD5}.Release|Any CPU.ActiveCfg = Release|Any CPU
		{0BD49533-E444-40F9-8137-00BD52089AD5}.Release|Any CPU.Build.0 = Release|Any CPU
		{4E4C3EE1-8CDF-43BA-99F4-2563A9519923}.Debug|Any CPU.ActiveCfg = Debug|Any CPU
		{4E4C3EE1-8CDF-43BA-99F4-2563A9519923}.Debug|Any CPU.Build.0 = Debug|Any CPU
		{4E4C3EE1-8CDF-43BA-99F4-2563A9519923}.Release|Any CPU.ActiveCfg = Release|Any CPU
		{4E4C3EE1-8CDF-43BA-99F4-2563A9519923}.Release|Any CPU.Build.0 = Release|Any CPU
	EndGlobalSection
	GlobalSection(SolutionProperties) = preSolution
		HideSolutionNode = FALSE
	EndGlobalSection
	GlobalSection(NestedProjects) = preSolution
		{C11BB5E5-BEA3-46A6-B05E-3E2895C47AC3} = {CA794E53-7753-4F9E-8A42-FDF97143B89B}
		{4E4C3EE1-8CDF-43BA-99F4-2563A9519923} = {CA794E53-7753-4F9E-8A42-FDF97143B89B}
		{1B38422D-B3DE-437D-84DA-D9C84F28638E} = {BCB5C96D-C5E6-46D3-9D0B-5207629B3499}
		{02C0AC68-CAA6-4187-ABE0-9ABFA6993C5A} = {BCB5C96D-C5E6-46D3-9D0B-5207629B3499}
		{216AD6FB-854B-49D3-8351-A0C6FD56BC47} = {BCB5C96D-C5E6-46D3-9D0B-5207629B3499}
	EndGlobalSection
EndGlobal
